
Microsoft Visual Studio Solution File, Format Version 12.00
# Visual Studio Version 17
VisualStudioVersion = 17.9.34902.65
MinimumVisualStudioVersion = 10.0.40219.1
Project("{FAE04EC0-301F-11D3-BF4B-00C04F79EFBC}") = "Airbnbanalyzer", "Airbnbanalyzer.csproj", "{6ADC5BB1-60B5-4720-82DB-4440D63C5FA8}"
EndProject
Global
	GlobalSection(SolutionConfigurationPlatforms) = preSolution
		Debug|Any CPU = Debug|Any CPU
		Release|Any CPU = Release|Any CPU
	EndGlobalSection
	GlobalSection(ProjectConfigurationPlatforms) = postSolution
		{6ADC5BB1-60B5-4720-82DB-4440D63C5FA8}.Debug|Any CPU.ActiveCfg = Debug|Any CPU
		{6ADC5BB1-60B5-4720-82DB-4440D63C5FA8}.Debug|Any CPU.Build.0 = Debug|Any CPU
		{6ADC5BB1-60B5-4720-82DB-4440D63C5FA8}.Release|Any CPU.ActiveCfg = Release|Any CPU
		{6ADC5BB1-60B5-4720-82DB-4440D63C5FA8}.Release|Any CPU.Build.0 = Release|Any CPU
	EndGlobalSection
	GlobalSection(SolutionProperties) = preSolution
		HideSolutionNode = FALSE
	EndGlobalSection
	GlobalSection(ExtensibilityGlobals) = postSolution
		SolutionGuid = {51F34A57-359A-4C4C-BA46-F98CDFF9F6AE}
	EndGlobalSection
EndGlobal
